version = 1
requires-python = ">=3.9"

[[package]]
name = "awslambdaric"
version = "3.0.0"
source = { registry = "https://pypi.org/simple" }
dependencies = [
    { name = "simplejson" },
    { name = "snapshot-restore-py" },
]
sdist = { url = "https://files.pythonhosted.org/packages/d6/98/d6391c3cb5b511addaca1ad980f34708b9913fab64e3cb6496548b1244b3/awslambdaric-3.0.0.tar.gz", hash = "sha256:f42161dd92b559d08f2ebd9e442a905d9bfa7c6f66896b9fd1395aa6f061f6a6", size = 4502933 }
wheels = [
    { url = "https://files.pythonhosted.org/packages/82/10/8c25c89b02272bc455f7583cfbef95b613b2aec4ef3c2f360b7731d9977f/awslambdaric-3.0.0-cp310-cp310-manylinux_2_17_aarch64.manylinux2014_aarch64.whl", hash = "sha256:aa8a141c03fac6bc2a8f4b6381fb5ed5e788ccabac24b03c77cbd1cb5f5cfb8f", size = 340248 },
    { url = "https://files.pythonhosted.org/packages/a3/9a/b44fc7761790dad3a956c5d1799576ce428cec45afc732d8524e1464fe20/awslambdaric-3.0.0-cp310-cp310-manylinux_2_17_x86_64.manylinux2014_x86_64.whl", hash = "sha256:2cfcfa951676538e1069d449ffb7dea31702caffe88a6b6c8c5dace82a92fbf6", size = 342814 },
    { url = "https://files.pythonhosted.org/packages/d2/36/4c16ea35f8d6809a180d78f5f0ebd5d60432d73bb6cef57573f76554af29/awslambdaric-3.0.0-cp311-cp311-manylinux_2_17_aarch64.manylinux2014_aarch64.whl", hash = "sha256:3ab2703a20b9db1ae4e2557434158f007b1b12c43ebc628edb0111a9a4c47610", size = 340898 },
    { url = "https://files.pythonhosted.org/packages/21/ff/936f77d0f6c6b6c41893c1d884fa09f18b0cc6bd63d34f39c7b847f0a62e/awslambdaric-3.0.0-cp311-cp311-manylinux_2_17_x86_64.manylinux2014_x86_64.whl", hash = "sha256:554049c4492658720230e3e60c9c691974397d21f81d77db398b1b00f32bcba3", size = 343541 },
    { url = "https://files.pythonhosted.org/packages/f6/d8/d19837eb65ba730d2ec372ef74cc6dc835d1cbe90ccecbdca409694939ee/awslambdaric-3.0.0-cp312-cp312-manylinux_2_17_aarch64.manylinux2014_aarch64.whl", hash = "sha256:0a328c39d6d26180273e9b6e178999aab195623b39d4885b15f69b31107a62f6", size = 340555 },
    { url = "https://files.pythonhosted.org/packages/d8/ee/6907715d123215ad7ff906956f0d1bf5c7edd12c170e56dcdeafacc2e88d/awslambdaric-3.0.0-cp312-cp312-manylinux_2_17_x86_64.manylinux2014_x86_64.whl", hash = "sha256:74d522da1afd513ebf0d068b3f14554d13fa3e2aadaa57dfedee9b7f849c2894", size = 343355 },
    { url = "https://files.pythonhosted.org/packages/34/f9/91839bc66654662011ff980e8aaeffc0ae54c587dec67fcb31756ceaf95b/awslambdaric-3.0.0-cp313-cp313-manylinux_2_17_aarch64.manylinux2014_aarch64.whl", hash = "sha256:a2309ba2405fb8e3927f7fd97a6ef9087fb843e2ec0ecf56b6f9aa2626c26c8d", size = 340557 },
    { url = "https://files.pythonhosted.org/packages/45/fc/cfe397c6ebb982bae56f77bcd1cc134fc7cf2e9864ab85a3c0fec108c182/awslambdaric-3.0.0-cp313-cp313-manylinux_2_17_x86_64.manylinux2014_x86_64.whl", hash = "sha256:f1b3e5932aead24171f64b460045966c46570db51ff18efc02337dcca196e9bf", size = 343352 },
    { url = "https://files.pythonhosted.org/packages/c2/62/3a9643906ad723342d89e5b7a813cf4b0ccdd588b69b8dab4c5607ff6f90/awslambdaric-3.0.0-cp313-cp313t-manylinux_2_17_aarch64.manylinux2014_aarch64.whl", hash = "sha256:36e079998bf44d2590616901d7cf9c89f33302ef6fe22270d76be89822d0d71f", size = 341870 },
    { url = "https://files.pythonhosted.org/packages/b0/b4/84a273abefe911b4e9150a8233c2b0ec792615c4a9ca95e1d06a4bc53688/awslambdaric-3.0.0-cp313-cp313t-manylinux_2_17_x86_64.manylinux2014_x86_64.whl", hash = "sha256:d7162bc6c0c2386b3ba41be8e537da75d4073763ce3d6f11e16cedd8f7ea95a0", size = 344599 },
    { url = "https://files.pythonhosted.org/packages/7f/f2/97d41ca25a8d583d305cfc69893f64f84256b2352438671b40d9741be046/awslambdaric-3.0.0-cp39-cp39-manylinux_2_17_aarch64.manylinux2014_aarch64.whl", hash = "sha256:a3cafc8972d78b631687d546b300527e22877fb7817f2bf7a62d01ef9d0bcd11", size = 340065 },
    { url = "https://files.pythonhosted.org/packages/e2/e4/3cae1247d07d14092b38370b6c5207648495c7700c79d08c223cc0260e82/awslambdaric-3.0.0-cp39-cp39-manylinux_2_17_x86_64.manylinux2014_x86_64.whl", hash = "sha256:a57f5f961b5d0c4cd1d71cc238a058bebfbac66c48e1c6ec152a508d2eb8f2d7", size = 342627 },
    { url = "https://files.pythonhosted.org/packages/02/61/b7994293b59cfcbc359e598e6c0c07f325196fbdf7049c11e4f7f63cda48/awslambdaric-3.0.0-pp310-pypy310_pp73-manylinux_2_17_aarch64.manylinux2014_aarch64.whl", hash = "sha256:558c25798c957d803416c0a1d2debf2042d2a59f35089bf255cce791406b9cd3", size = 264892 },
    { url = "https://files.pythonhosted.org/packages/93/61/5fa63163828a42606c3f7ca20b74fac98c14ef41a0463054643ce24437f7/awslambdaric-3.0.0-pp310-pypy310_pp73-manylinux_2_17_x86_64.manylinux2014_x86_64.whl", hash = "sha256:7d1885aa91605bfe83d906855d6f3d7518279a6e5e5071f2c8bbe7486facb6ba", size = 268791 },
]

[[package]]
name = "colorama"
version = "0.4.6"
source = { registry = "https://pypi.org/simple" }
sdist = { url = "https://files.pythonhosted.org/packages/d8/53/6f443c9a4a8358a93a6792e2acffb9d9d5cb0a5cfd8802644b7b1c9a02e4/colorama-0.4.6.tar.gz", hash = "sha256:08695f5cb7ed6e0531a20572697297273c47b8cae5a63ffc6d6ed5c201be6e44", size = 27697 }
wheels = [
    { url = "https://files.pythonhosted.org/packages/d1/d6/3965ed04c63042e047cb6a3e6ed1a63a35087b6a609aa3a15ed8ac56c221/colorama-0.4.6-py2.py3-none-any.whl", hash = "sha256:4f1d9991f5acc0ca119f9d443620b77f9d6b33703e51011c16baf57afb285fc6", size = 25335 },
]

[[package]]
name = "exceptiongroup"
version = "1.2.2"
source = { registry = "https://pypi.org/simple" }
sdist = { url = "https://files.pythonhosted.org/packages/09/35/2495c4ac46b980e4ca1f6ad6db102322ef3ad2410b79fdde159a4b0f3b92/exceptiongroup-1.2.2.tar.gz", hash = "sha256:47c2edf7c6738fafb49fd34290706d1a1a2f4d1c6df275526b62cbb4aa5393cc", size = 28883 }
wheels = [
    { url = "https://files.pythonhosted.org/packages/02/cc/b7e31358aac6ed1ef2bb790a9746ac2c69bcb3c8588b41616914eb106eaf/exceptiongroup-1.2.2-py3-none-any.whl", hash = "sha256:3111b9d131c238bec2f8f516e123e14ba243563fb135d3fe885990585aa7795b", size = 16453 },
]

[[package]]
name = "hello-world-lambda-uv"
version = "0.1.0"
source = { editable = "." }
dependencies = [
    { name = "awslambdaric" },
    { name = "pytest" },
]

[package.metadata]
requires-dist = [
    { name = "awslambdaric", specifier = ">=3.0.0" },
    { name = "pytest", specifier = ">=8.3.3" },
]

[[package]]
name = "iniconfig"
version = "2.0.0"
source = { registry = "https://pypi.org/simple" }
sdist = { url = "https://files.pythonhosted.org/packages/d7/4b/cbd8e699e64a6f16ca3a8220661b5f83792b3017d0f79807cb8708d33913/iniconfig-2.0.0.tar.gz", hash = "sha256:2d91e135bf72d31a410b17c16da610a82cb55f6b0477d1a902134b24a455b8b3", size = 4646 }
wheels = [
    { url = "https://files.pythonhosted.org/packages/ef/a6/62565a6e1cf69e10f5727360368e451d4b7f58beeac6173dc9db836a5b46/iniconfig-2.0.0-py3-none-any.whl", hash = "sha256:b6a85871a79d2e3b22d2d1b94ac2824226a63c6b741c88f7ae975f18b6778374", size = 5892 },
]

[[package]]
name = "packaging"
version = "24.2"
source = { registry = "https://pypi.org/simple" }
sdist = { url = "https://files.pythonhosted.org/packages/d0/63/68dbb6eb2de9cb10ee4c9c14a0148804425e13c4fb20d61cce69f53106da/packaging-24.2.tar.gz", hash = "sha256:c228a6dc5e932d346bc5739379109d49e8853dd8223571c7c5b55260edc0b97f", size = 163950 }
wheels = [
    { url = "https://files.pythonhosted.org/packages/88/ef/eb23f262cca3c0c4eb7ab1933c3b1f03d021f2c48f54763065b6f0e321be/packaging-24.2-py3-none-any.whl", hash = "sha256:09abb1bccd265c01f4a3aa3f7a7db064b36514d2cba19a2f694fe6150451a759", size = 65451 },
]

[[package]]
name = "pluggy"
version = "1.5.0"
source = { registry = "https://pypi.org/simple" }
sdist = { url = "https://files.pythonhosted.org/packages/96/2d/02d4312c973c6050a18b314a5ad0b3210edb65a906f868e31c111dede4a6/pluggy-1.5.0.tar.gz", hash = "sha256:2cffa88e94fdc978c4c574f15f9e59b7f4201d439195c3715ca9e2486f1d0cf1", size = 67955 }
wheels = [
    { url = "https://files.pythonhosted.org/packages/88/5f/e351af9a41f866ac3f1fac4ca0613908d9a41741cfcf2228f4ad853b697d/pluggy-1.5.0-py3-none-any.whl", hash = "sha256:44e1ad92c8ca002de6377e165f3e0f1be63266ab4d554740532335b9d75ea669", size = 20556 },
]

[[package]]
name = "pytest"
version = "8.3.3"
source = { registry = "https://pypi.org/simple" }
dependencies = [
    { name = "colorama", marker = "sys_platform == 'win32'" },
    { name = "exceptiongroup", marker = "python_full_version < '3.11'" },
    { name = "iniconfig" },
    { name = "packaging" },
    { name = "pluggy" },
    { name = "tomli", marker = "python_full_version < '3.11'" },
]
sdist = { url = "https://files.pythonhosted.org/packages/8b/6c/62bbd536103af674e227c41a8f3dcd022d591f6eed5facb5a0f31ee33bbc/pytest-8.3.3.tar.gz", hash = "sha256:70b98107bd648308a7952b06e6ca9a50bc660be218d53c257cc1fc94fda10181", size = 1442487 }
wheels = [
    { url = "https://files.pythonhosted.org/packages/6b/77/7440a06a8ead44c7757a64362dd22df5760f9b12dc5f11b6188cd2fc27a0/pytest-8.3.3-py3-none-any.whl", hash = "sha256:a6853c7375b2663155079443d2e45de913a911a11d669df02a50814944db57b2", size = 342341 },
]

[[package]]
name = "simplejson"
version = "3.19.3"
source = { registry = "https://pypi.org/simple" }
sdist = { url = "https://files.pythonhosted.org/packages/3d/29/085111f19717f865eceaf0d4397bf3e76b08d60428b076b64e2a1903706d/simplejson-3.19.3.tar.gz", hash = "sha256:8e086896c36210ab6050f2f9f095a5f1e03c83fa0e7f296d6cba425411364680", size = 85237 }
wheels = [
    { url = "https://files.pythonhosted.org/packages/39/24/260ad03435ce8ef2436031951134659c7161776ec3a78094b35b9375ceea/simplejson-3.19.3-cp310-cp310-macosx_10_9_universal2.whl", hash = "sha256:50d8b742d74c449c4dcac570d08ce0f21f6a149d2d9cf7652dbf2ba9a1bc729a", size = 93660 },
    { url = "https://files.pythonhosted.org/packages/63/a1/dee207f357bcd6b106f2ca5129ee916c24993ba08b7dfbf9a37c22442ea9/simplejson-3.19.3-cp310-cp310-macosx_10_9_x86_64.whl", hash = "sha256:dd011fc3c1d88b779645495fdb8189fb318a26981eebcce14109460e062f209b", size = 75546 },
    { url = "https://files.pythonhosted.org/packages/80/7b/45ef1da43f54d209ce2ef59b7356cda13f810186c381f38ae23a4d2b1337/simplejson-3.19.3-cp310-cp310-macosx_11_0_arm64.whl", hash = "sha256:637c4d4b81825c1f4d651e56210bd35b5604034b192b02d2d8f17f7ce8c18f42", size = 75602 },
    { url = "https://files.pythonhosted.org/packages/7f/4b/9a132382982f8127bc7ce5212a5585d83c174707c9dd698d0cb6a0d41882/simplejson-3.19.3-cp310-cp310-manylinux_2_17_aarch64.manylinux2014_aarch64.whl", hash = "sha256:2f56eb03bc9e432bb81adc8ecff2486d39feb371abb442964ffb44f6db23b332", size = 138632 },
    { url = "https://files.pythonhosted.org/packages/76/37/012f5ad2f38afa28f8a6ad9da01dc0b64492ffbaf2a3f2f8a0e1fddf9c1d/simplejson-3.19.3-cp310-cp310-manylinux_2_17_ppc64le.manylinux2014_ppc64le.whl", hash = "sha256:ef59a53be400c1fad2c914b8d74c9d42384fed5174f9321dd021b7017fd40270", size = 146740 },
    { url = "https://files.pythonhosted.org/packages/69/b3/89640bd676e26ea2315b5aaf80712a6fbbb4338e4caf872d91448502a19b/simplejson-3.19.3-cp310-cp310-manylinux_2_5_i686.manylinux1_i686.manylinux_2_17_i686.manylinux2014_i686.whl", hash = "sha256:72e8abbc86fcac83629a030888b45fed3a404d54161118be52cb491cd6975d3e", size = 134440 },
    { url = "https://files.pythonhosted.org/packages/61/20/0035a288deaff05397d6cc0145b33f3dd2429b99cdc880de4c5eca41ca72/simplejson-3.19.3-cp310-cp310-manylinux_2_5_x86_64.manylinux1_x86_64.manylinux_2_17_x86_64.manylinux2014_x86_64.whl", hash = "sha256:f8efb03ca77bd7725dfacc9254df00d73e6f43013cf39bd37ef1a8ed0ebb5165", size = 137949 },
    { url = "https://files.pythonhosted.org/packages/5d/de/5b03fafe3003e32d179588953d38183af6c3747e95c7dcc668c4f9eb886a/simplejson-3.19.3-cp310-cp310-musllinux_1_2_aarch64.whl", hash = "sha256:add8850db04b98507a8b62d248a326ecc8561e6d24336d1ca5c605bbfaab4cad", size = 139992 },
    { url = "https://files.pythonhosted.org/packages/d1/ce/e493116ff49fd215f7baa25195b8f684c91e65c153e2a57e04dc3f3a466b/simplejson-3.19.3-cp310-cp310-musllinux_1_2_i686.whl", hash = "sha256:fc3dc9fb413fc34c396f52f4c87de18d0bd5023804afa8ab5cc224deeb6a9900", size = 140320 },
    { url = "https://files.pythonhosted.org/packages/86/f3/a18b98a7a27548829f672754dd3940fb637a27981399838128d3e560087f/simplejson-3.19.3-cp310-cp310-musllinux_1_2_ppc64le.whl", hash = "sha256:4dfa420bb9225dd33b6efdabde7c6a671b51150b9b1d9c4e5cd74d3b420b3fe1", size = 148625 },
    { url = "https://files.pythonhosted.org/packages/0f/55/d3da33ee3e708133da079b9d537693d7fef281e6f0d27921cc7e5b3ec523/simplejson-3.19.3-cp310-cp310-musllinux_1_2_x86_64.whl", hash = "sha256:7b5c472099b39b274dcde27f1113db8d818c9aa3ba8f78cbb8ad04a4c1ac2118", size = 141287 },
    { url = "https://files.pythonhosted.org/packages/17/e8/56184ab4d66bb64a6ff569f069b3796dfd943f9b961268fe0d403526fc17/simplejson-3.19.3-cp310-cp310-win32.whl", hash = "sha256:817abad79241ed4a507b3caf4d3f2be5079f39d35d4c550a061988986bffd2ec", size = 74143 },
    { url = "https://files.pythonhosted.org/packages/be/8f/a0089eff060f10a925f08b0a0f50854321484f1ac54b1895bbf4c9213dfe/simplejson-3.19.3-cp310-cp310-win_amd64.whl", hash = "sha256:dd5b9b1783e14803e362a558680d88939e830db2466f3fa22df5c9319f8eea94", size = 75643 },
    { url = "https://files.pythonhosted.org/packages/8c/bb/9ee3959e6929d228cf669b3f13f0edd43c5261b6cd69598640748b19ca35/simplejson-3.19.3-cp311-cp311-macosx_10_9_universal2.whl", hash = "sha256:e88abff510dcff903a18d11c2a75f9964e768d99c8d147839913886144b2065e", size = 91930 },
    { url = "https://files.pythonhosted.org/packages/ac/ae/a06523928af3a6783e2638cd4f6035c3e32de1c1063d563d9060c8d2f1ad/simplejson-3.19.3-cp311-cp311-macosx_10_9_x86_64.whl", hash = "sha256:934a50a614fb831614db5dbfba35127ee277624dda4d15895c957d2f5d48610c", size = 74787 },
    { url = "https://files.pythonhosted.org/packages/c3/58/fea732e48a7540035fe46d39e6fd77679f5810311d31da8661ce7a18210a/simplejson-3.19.3-cp311-cp311-macosx_11_0_arm64.whl", hash = "sha256:212fce86a22188b0c7f53533b0f693ea9605c1a0f02c84c475a30616f55a744d", size = 74612 },
    { url = "https://files.pythonhosted.org/packages/ab/4d/15718f20cb0e3875b8af9597d6bb3bfbcf1383834b82b6385ee9ac0b72a9/simplejson-3.19.3-cp311-cp311-manylinux_2_17_aarch64.manylinux2014_aarch64.whl", hash = "sha256:5d9e8f836688a8fabe6a6b41b334aa550a6823f7b4ac3d3712fc0ad8655be9a8", size = 143550 },
    { url = "https://files.pythonhosted.org/packages/93/44/815a4343774760f7a82459c8f6a4d8268b4b6d23f81e7b922a5e2ca79171/simplejson-3.19.3-cp311-cp311-manylinux_2_17_ppc64le.manylinux2014_ppc64le.whl", hash = "sha256:23228037dc5d41c36666384062904d74409a62f52283d9858fa12f4c22cffad1", size = 153284 },
    { url = "https://files.pythonhosted.org/packages/9d/52/d3202d9bba95444090d1c98e43da3c10907875babf63ed3c134d1b9437e3/simplejson-3.19.3-cp311-cp311-manylinux_2_5_i686.manylinux1_i686.manylinux_2_17_i686.manylinux2014_i686.whl", hash = "sha256:0791f64fed7d4abad639491f8a6b1ba56d3c604eb94b50f8697359b92d983f36", size = 141518 },
    { url = "https://files.pythonhosted.org/packages/b7/d4/850948bcbcfe0b4a6c69dfde10e245d3a1ea45252f16a1e2308a3b06b1da/simplejson-3.19.3-cp311-cp311-manylinux_2_5_x86_64.manylinux1_x86_64.manylinux_2_17_x86_64.manylinux2014_x86_64.whl", hash = "sha256:c4f614581b61a26fbbba232a1391f6cee82bc26f2abbb6a0b44a9bba25c56a1c", size = 144688 },
    { url = "https://files.pythonhosted.org/packages/58/d2/b8dcb0a07d9cd54c47f9fe8733dbb83891d1efe4fc786d9dfc8781cc04f9/simplejson-3.19.3-cp311-cp311-musllinux_1_2_aarch64.whl", hash = "sha256:1df0aaf1cb787fdf34484ed4a1f0c545efd8811f6028623290fef1a53694e597", size = 144534 },
    { url = "https://files.pythonhosted.org/packages/a9/95/1e92d99039041f596e0923ec4f9153244acaf3830944dc69a7c11b23ceaa/simplejson-3.19.3-cp311-cp311-musllinux_1_2_i686.whl", hash = "sha256:951095be8d4451a7182403354c22ec2de3e513e0cc40408b689af08d02611588", size = 146565 },
    { url = "https://files.pythonhosted.org/packages/21/04/c96aeb3a74031255e4cbcc0ca1b6ebfb5549902f0a065f06d65ce8447c0c/simplejson-3.19.3-cp311-cp311-musllinux_1_2_ppc64le.whl", hash = "sha256:2a954b30810988feeabde843e3263bf187697e0eb5037396276db3612434049b", size = 155014 },
    { url = "https://files.pythonhosted.org/packages/b7/41/e28a28593afc4a75d8999d057bfb7c73a103e35f927e66f4bb92571787ae/simplejson-3.19.3-cp311-cp311-musllinux_1_2_x86_64.whl", hash = "sha256:c40df31a75de98db2cdfead6074d4449cd009e79f54c1ebe5e5f1f153c68ad20", size = 148092 },
    { url = "https://files.pythonhosted.org/packages/2b/82/1c81a3af06f937afb6d2e9d74a465c0e0ae6db444d1bf2a436ea26de1965/simplejson-3.19.3-cp311-cp311-win32.whl", hash = "sha256:7e2a098c21ad8924076a12b6c178965d88a0ad75d1de67e1afa0a66878f277a5", size = 73942 },
    { url = "https://files.pythonhosted.org/packages/65/be/d8ab9717f471be3c114f16abd8be21d9a6a0a09b9b49177d93d64d3717d9/simplejson-3.19.3-cp311-cp311-win_amd64.whl", hash = "sha256:c9bedebdc5fdad48af8783022bae307746d54006b783007d1d3c38e10872a2c6", size = 75469 },
    { url = "https://files.pythonhosted.org/packages/20/15/513fea93fafbdd4993eacfcb762965b2ff3d29e618c029e2956174d68c4b/simplejson-3.19.3-cp312-cp312-macosx_10_9_universal2.whl", hash = "sha256:66a0399e21c2112acacfebf3d832ebe2884f823b1c7e6d1363f2944f1db31a99", size = 92921 },
    { url = "https://files.pythonhosted.org/packages/a4/4f/998a907ae1a6c104dc0ee48aa248c2478490152808d34d8e07af57f396c3/simplejson-3.19.3-cp312-cp312-macosx_10_9_x86_64.whl", hash = "sha256:6ef9383c5e05f445be60f1735c1816163c874c0b1ede8bb4390aff2ced34f333", size = 75311 },
    { url = "https://files.pythonhosted.org/packages/db/44/acd6122201e927451869d45952b9ab1d3025cdb5e61548d286d08fbccc08/simplejson-3.19.3-cp312-cp312-macosx_11_0_arm64.whl", hash = "sha256:42e5acf80d4d971238d4df97811286a044d720693092b20a56d5e56b7dcc5d09", size = 74964 },
    { url = "https://files.pythonhosted.org/packages/27/ca/d0a1e8f16e1bbdc0b8c6d88166f45f565ed7285f53928cfef3b6ce78f14d/simplejson-3.19.3-cp312-cp312-manylinux_2_17_aarch64.manylinux2014_aarch64.whl", hash = "sha256:d0b0efc7279d768db7c74d3d07f0b5c81280d16ae3fb14e9081dc903e8360771", size = 150106 },
    { url = "https://files.pythonhosted.org/packages/63/59/0554b78cf26c98e2b9cae3f44723bd72c2394e2afec1a14eedc6211f7187/simplejson-3.19.3-cp312-cp312-manylinux_2_17_ppc64le.manylinux2014_ppc64le.whl", hash = "sha256:0552eb06e7234da892e1d02365cd2b7b2b1f8233aa5aabdb2981587b7cc92ea0", size = 158347 },
    { url = "https://files.pythonhosted.org/packages/b2/fe/9f30890352e431e8508cc569912d3322147d3e7e4f321e48c0adfcb4c97d/simplejson-3.19.3-cp312-cp312-manylinux_2_5_i686.manylinux1_i686.manylinux_2_17_i686.manylinux2014_i686.whl", hash = "sha256:5bf6a3b9a7d7191471b464fe38f684df10eb491ec9ea454003edb45a011ab187", size = 148456 },
    { url = "https://files.pythonhosted.org/packages/37/e3/663a09542ee021d4131162f7a164cb2e7f04ef48433a67591738afbf12ea/simplejson-3.19.3-cp312-cp312-manylinux_2_5_x86_64.manylinux1_x86_64.manylinux_2_17_x86_64.manylinux2014_x86_64.whl", hash = "sha256:7017329ca8d4dca94ad5e59f496e5fc77630aecfc39df381ffc1d37fb6b25832", size = 152190 },
    { url = "https://files.pythonhosted.org/packages/31/20/4e0c4d35e10ff6465003bec304316d822a559a1c38c66ef6892ca199c207/simplejson-3.19.3-cp312-cp312-musllinux_1_2_aarch64.whl", hash = "sha256:67a20641afebf4cfbcff50061f07daad1eace6e7b31d7622b6fa2c40d43900ba", size = 149846 },
    { url = "https://files.pythonhosted.org/packages/08/7a/46e2e072cac3987cbb05946f25167f0ad2fe536748e7405953fd6661a486/simplejson-3.19.3-cp312-cp312-musllinux_1_2_i686.whl", hash = "sha256:dd6a7dabcc4c32daf601bc45e01b79175dde4b52548becea4f9545b0a4428169", size = 151714 },
    { url = "https://files.pythonhosted.org/packages/7f/7d/dbeeac10eb61d5d8858d0bb51121a21050d281dc83af4c557f86da28746c/simplejson-3.19.3-cp312-cp312-musllinux_1_2_ppc64le.whl", hash = "sha256:08f9b443a94e72dd02c87098c96886d35790e79e46b24e67accafbf13b73d43b", size = 158777 },
    { url = "https://files.pythonhosted.org/packages/fc/8f/a98bdbb799c6a4a884b5823db31785a96ba895b4b0f4d8ac345d6fe98bbf/simplejson-3.19.3-cp312-cp312-musllinux_1_2_x86_64.whl", hash = "sha256:fa97278ae6614346b5ca41a45a911f37a3261b57dbe4a00602048652c862c28b", size = 154230 },
    { url = "https://files.pythonhosted.org/packages/b1/db/852eebceb85f969ae40e06babed1a93d3bacb536f187d7a80ff5823a5979/simplejson-3.19.3-cp312-cp312-win32.whl", hash = "sha256:ef28c3b328d29b5e2756903aed888960bc5df39b4c2eab157ae212f70ed5bf74", size = 74002 },
    { url = "https://files.pythonhosted.org/packages/fe/68/9f0e5df0651cb79ef83cba1378765a00ee8038e6201cc82b8e7178a7778e/simplejson-3.19.3-cp312-cp312-win_amd64.whl", hash = "sha256:1e662336db50ad665777e6548b5076329a94a0c3d4a0472971c588b3ef27de3a", size = 75596 },
    { url = "https://files.pythonhosted.org/packages/93/3a/5896821ed543899fcb9c4256c7e71bb110048047349a00f42bc8b8fb379f/simplejson-3.19.3-cp313-cp313-macosx_10_13_universal2.whl", hash = "sha256:0959e6cb62e3994b5a40e31047ff97ef5c4138875fae31659bead691bed55896", size = 92931 },
    { url = "https://files.pythonhosted.org/packages/39/15/5d33d269440912ee40d856db0c8be2b91aba7a219690ab01f86cb0edd590/simplejson-3.19.3-cp313-cp313-macosx_10_13_x86_64.whl", hash = "sha256:7a7bfad839c624e139a4863007233a3f194e7c51551081f9789cba52e4da5167", size = 75318 },
    { url = "https://files.pythonhosted.org/packages/2a/8d/2e7483a2bf7ec53acf7e012bafbda79d7b34f90471dda8e424544a59d484/simplejson-3.19.3-cp313-cp313-macosx_11_0_arm64.whl", hash = "sha256:afab2f7f2486a866ff04d6d905e9386ca6a231379181a3838abce1f32fbdcc37", size = 74971 },
    { url = "https://files.pythonhosted.org/packages/4d/9d/9bdf34437c8834a7cf7246f85e9d5122e30579f512c10a0c2560e994294f/simplejson-3.19.3-cp313-cp313-manylinux_2_17_aarch64.manylinux2014_aarch64.whl", hash = "sha256:d00313681015ac498e1736b304446ee6d1c72c5b287cd196996dad84369998f7", size = 150112 },
    { url = "https://files.pythonhosted.org/packages/a7/e2/1f2ae2d89eaf85f6163c82150180aae5eaa18085cfaf892f8a57d4c51cbd/simplejson-3.19.3-cp313-cp313-manylinux_2_17_ppc64le.manylinux2014_ppc64le.whl", hash = "sha256:d936ae682d5b878af9d9eb4d8bb1fdd5e41275c8eb59ceddb0aeed857bb264a2", size = 158354 },
    { url = "https://files.pythonhosted.org/packages/60/83/26f610adf234c8492b3f30501e12f2271e67790f946c6898fe0c58aefe99/simplejson-3.19.3-cp313-cp313-manylinux_2_5_i686.manylinux1_i686.manylinux_2_17_i686.manylinux2014_i686.whl", hash = "sha256:01c6657485393f2e9b8177c77a7634f13ebe70d5e6de150aae1677d91516ce6b", size = 148455 },
    { url = "https://files.pythonhosted.org/packages/b5/4b/109af50006af77133653c55b5b91b4bd2d579ff8254ce11216c0b75f911b/simplejson-3.19.3-cp313-cp313-manylinux_2_5_x86_64.manylinux1_x86_64.manylinux_2_17_x86_64.manylinux2014_x86_64.whl", hash = "sha256:2a6a750d3c7461b1c47cfc6bba8d9e57a455e7c5f80057d2a82f738040dd1129", size = 152191 },
    { url = "https://files.pythonhosted.org/packages/75/dc/108872a8825cbd99ae6f4334e0490ff1580367baf12198bcaf988f6820ba/simplejson-3.19.3-cp313-cp313-musllinux_1_2_aarch64.whl", hash = "sha256:ea7a4a998c87c5674a27089e022110a1a08a7753f21af3baf09efe9915c23c3c", size = 149954 },
    { url = "https://files.pythonhosted.org/packages/eb/be/deec1d947a5d0472276ab4a4d1a9378dc5ee27f3dc9e54d4f62ffbad7a08/simplejson-3.19.3-cp313-cp313-musllinux_1_2_i686.whl", hash = "sha256:6300680d83a399be2b8f3b0ef7ef90b35d2a29fe6e9c21438097e0938bbc1564", size = 151812 },
    { url = "https://files.pythonhosted.org/packages/e9/58/4ee130702d36b1551ef66e7587eefe56651f3669255bf748cd71691e2434/simplejson-3.19.3-cp313-cp313-musllinux_1_2_ppc64le.whl", hash = "sha256:ab69f811a660c362651ae395eba8ce84f84c944cea0df5718ea0ba9d1e4e7252", size = 158880 },
    { url = "https://files.pythonhosted.org/packages/0f/e1/59cc6a371b60f89e3498d9f4c8109f6b7359094d453f5fe80b2677b777b0/simplejson-3.19.3-cp313-cp313-musllinux_1_2_x86_64.whl", hash = "sha256:256e09d0f94d9c3d177d9e95fd27a68c875a4baa2046633df387b86b652f5747", size = 154344 },
    { url = "https://files.pythonhosted.org/packages/79/45/1b36044670016f5cb25ebd92497427d2d1711ecb454d00f71eb9a00b77cc/simplejson-3.19.3-cp313-cp313-win32.whl", hash = "sha256:2c78293470313aefa9cfc5e3f75ca0635721fb016fb1121c1c5b0cb8cc74712a", size = 74002 },
    { url = "https://files.pythonhosted.org/packages/e2/58/b06226e6b0612f2b1fa13d5273551da259f894566b1eef32249ddfdcce44/simplejson-3.19.3-cp313-cp313-win_amd64.whl", hash = "sha256:3bbcdc438dc1683b35f7a8dc100960c721f922f9ede8127f63bed7dfded4c64c", size = 75599 },
    { url = "https://files.pythonhosted.org/packages/9a/3d/e7f1caf7fa8c004c30e2c0595a22646a178344a7f53924c11c3d263a8623/simplejson-3.19.3-cp39-cp39-macosx_10_9_universal2.whl", hash = "sha256:b5587feda2b65a79da985ae6d116daf6428bf7489992badc29fc96d16cd27b05", size = 93646 },
    { url = "https://files.pythonhosted.org/packages/01/40/ff5cae1b4ff35c7822456ad7d098371d697479d418194064b8aff8142d70/simplejson-3.19.3-cp39-cp39-macosx_10_9_x86_64.whl", hash = "sha256:e0d2b00ecbcd1a3c5ea1abc8bb99a26508f758c1759fd01c3be482a3655a176f", size = 75544 },
    { url = "https://files.pythonhosted.org/packages/56/a8/dbe799f3620a08337ff5f3be27df7b5ba5beb1ee06acaf75f3cb46f8d650/simplejson-3.19.3-cp39-cp39-macosx_11_0_arm64.whl", hash = "sha256:32a3ada8f3ea41db35e6d37b86dade03760f804628ec22e4fe775b703d567426", size = 75593 },
    { url = "https://files.pythonhosted.org/packages/d5/53/6ed299b9201ea914bb6a178a7e65413ed1969981533f50bfbe8a215be98f/simplejson-3.19.3-cp39-cp39-manylinux_2_17_aarch64.manylinux2014_aarch64.whl", hash = "sha256:6f455672f4738b0f47183c5896e3606cd65c9ddee3805a4d18e8c96aa3f47c84", size = 138077 },
    { url = "https://files.pythonhosted.org/packages/1c/73/14306559157a6faedb4ecae28ad907b64b5359be5c9ec79233546acb96a4/simplejson-3.19.3-cp39-cp39-manylinux_2_17_ppc64le.manylinux2014_ppc64le.whl", hash = "sha256:2b737a5fefedb8333fa50b8db3dcc9b1d18fd6c598f89fa7debff8b46bf4e511", size = 146307 },
    { url = "https://files.pythonhosted.org/packages/5b/1a/7994abb33e53ec972dd5e6dbb337b9070d3ad96017c4cff9d5dc83678ad4/simplejson-3.19.3-cp39-cp39-manylinux_2_5_i686.manylinux1_i686.manylinux_2_17_i686.manylinux2014_i686.whl", hash = "sha256:eb47ee773ce67476a960e2db4a0a906680c54f662521550828c0cc57d0099426", size = 133922 },
    { url = "https://files.pythonhosted.org/packages/08/15/8b4e1a8c7729b37797d0eab1381f517f928bd323d17efa7f4414c3565e1f/simplejson-3.19.3-cp39-cp39-manylinux_2_5_x86_64.manylinux1_x86_64.manylinux_2_17_x86_64.manylinux2014_x86_64.whl", hash = "sha256:eed8cd98a7b24861da9d3d937f5fbfb6657350c547528a117297fe49e3960667", size = 137367 },
    { url = "https://files.pythonhosted.org/packages/59/9a/f5b786fe611395564d3e84f58f668242a7a2e674b4fac71b4e6b21d6d2b7/simplejson-3.19.3-cp39-cp39-musllinux_1_2_aarch64.whl", hash = "sha256:619756f1dd634b5bdf57d9a3914300526c3b348188a765e45b8b08eabef0c94e", size = 139513 },
    { url = "https://files.pythonhosted.org/packages/4d/87/c310daf5e2f10306de3720f075f8ed74cbe83396879b8c55e832393233a5/simplejson-3.19.3-cp39-cp39-musllinux_1_2_i686.whl", hash = "sha256:dd7230d061e755d60a4d5445bae854afe33444cdb182f3815cff26ac9fb29a15", size = 139749 },
    { url = "https://files.pythonhosted.org/packages/fd/89/690880e1639b421a919d36fadf1fc364a38c3bc4f208dc11627426cdbe98/simplejson-3.19.3-cp39-cp39-musllinux_1_2_ppc64le.whl", hash = "sha256:101a3c8392028cd704a93c7cba8926594e775ca3c91e0bee82144e34190903f1", size = 148103 },
    { url = "https://files.pythonhosted.org/packages/a3/31/ef13eda5b5a0d8d9555b70151ee2956f63b845e1fac4ff904339dfb4dd89/simplejson-3.19.3-cp39-cp39-musllinux_1_2_x86_64.whl", hash = "sha256:1e557712fc79f251673aeb3fad3501d7d4da3a27eff0857af2e1d1afbbcf6685", size = 140740 },
    { url = "https://files.pythonhosted.org/packages/39/5f/26b0a036592e45a2cb4be2f53d8827257e169bd5c84744a1aac89b0ff56f/simplejson-3.19.3-cp39-cp39-win32.whl", hash = "sha256:0bc5544e3128891bf613b9f71813ee2ec9c11574806f74dd8bb84e5e95bf64a2", size = 74115 },
    { url = "https://files.pythonhosted.org/packages/32/06/a35e2e1d8850aff1cf1320d4887bd5f97921c8964a1e260983d38d5d6c17/simplejson-3.19.3-cp39-cp39-win_amd64.whl", hash = "sha256:06662392e4913dc8846d6a71a6d5de86db5fba244831abe1dd741d62a4136764", size = 75636 },
    { url = "https://files.pythonhosted.org/packages/0d/e7/f9fafbd4f39793a20cc52e77bbd766f7384312526d402c382928dc7667f6/simplejson-3.19.3-py3-none-any.whl", hash = "sha256:49cc4c7b940d43bd12bf87ec63f28cbc4964fc4e12c031cc8cd01650f43eb94e", size = 57004 },
]

[[package]]
name = "snapshot-restore-py"
version = "1.0.0"
source = { registry = "https://pypi.org/simple" }
sdist = { url = "https://files.pythonhosted.org/packages/27/19/2d7584749a7f6d1b4b3a129995b1bc31e70ed9c5ecc323f1ee748b767268/snapshot-restore-py-1.0.0.tar.gz", hash = "sha256:4d27f82fb6f09968f422501e9c3c2dea48a46cd19dc798eb7d6cbc57523c8004", size = 3379 }
wheels = [
    { url = "https://files.pythonhosted.org/packages/10/b8/f9da2457e9dfb5872042202d69b329940527672e20cbfdb26610c09e1d8e/snapshot_restore_py-1.0.0-py3-none-any.whl", hash = "sha256:38f99e696793790f54658e71c68c7a8a40cea877c81232b5052383b1301aceba", size = 3782 },
]

[[package]]
name = "tomli"
version = "2.1.0"
source = { registry = "https://pypi.org/simple" }
sdist = { url = "https://files.pythonhosted.org/packages/1e/e4/1b6cbcc82d8832dd0ce34767d5c560df8a3547ad8cbc427f34601415930a/tomli-2.1.0.tar.gz", hash = "sha256:3f646cae2aec94e17d04973e4249548320197cfabdf130015d023de4b74d8ab8", size = 16622 }
wheels = [
    { url = "https://files.pythonhosted.org/packages/de/f7/4da0ffe1892122c9ea096c57f64c2753ae5dd3ce85488802d11b0992cc6d/tomli-2.1.0-py3-none-any.whl", hash = "sha256:a5c57c3d1c56f5ccdf89f6523458f60ef716e210fc47c4cfb188c5ba473e0391", size = 13750 },
]
